Microsoft Visual Studio Solution File, Format Version 12.00
# Visual Studio Version 17
VisualStudioVersion = 17.5.2.0
MinimumVisualStudioVersion = 10.0.40219.1
Project("{FAE04EC0-301F-11D3-BF4B-00C04F79EFBC}") = "Lks_diy_2026_11", "Lks_diy_2026_11.csproj", "{BAA22D46-5142-71BA-FDD9-ACEDFD7020D5}"
EndProject
Global
	GlobalSection(SolutionConfigurationPlatforms) = preSolution
		Debug|Any CPU = Debug|Any CPU
		Release|Any CPU = Release|Any CPU
	EndGlobalSection
	GlobalSection(ProjectConfigurationPlatforms) = postSolution
		{BAA22D46-5142-71BA-FDD9-ACEDFD7020D5}.Debug|Any CPU.ActiveCfg = Debug|Any CPU
		{BAA22D46-5142-71BA-FDD9-ACEDFD7020D5}.Debug|Any CPU.Build.0 = Debug|Any CPU
		{BAA22D46-5142-71BA-FDD9-ACEDFD7020D5}.Release|Any CPU.ActiveCfg = Release|Any CPU
		{BAA22D46-5142-71BA-FDD9-ACEDFD7020D5}.Release|Any CPU.Build.0 = Release|Any CPU
	EndGlobalSection
	GlobalSection(SolutionProperties) = preSolution
		HideSolutionNode = FALSE
	EndGlobalSection
	GlobalSection(ExtensibilityGlobals) = postSolution
		SolutionGuid = {A2292306-11F8-4093-B7A3-4BF24F6944B1}
	EndGlobalSection
EndGlobal
